
Microsoft Visual Studio Solution File, Format Version 12.00
# Visual Studio Version 17
VisualStudioVersion = 17.14.36616.10
MinimumVisualStudioVersion = 10.0.40219.1
Project("{FAE04EC0-301F-11D3-BF4B-00C04F79EFBC}") = "InoreaderCs", "InoreaderCs\InoreaderCs.csproj", "{A0A5ADCE-BA81-4117-A95C-8461475CC57B}"
EndProject
Project("{FAE04EC0-301F-11D3-BF4B-00C04F79EFBC}") = "Sample", "Sample\Sample.csproj", "{D5C314BE-C7E0-4E89-B178-2D6CA45EFBF0}"
EndProject
Project("{FAE04EC0-301F-11D3-BF4B-00C04F79EFBC}") = "Tests", "Tests\Tests.csproj", "{C667F394-E219-4825-BD94-192BFAAE9BB2}"
EndProject
Global
	GlobalSection(SolutionConfigurationPlatforms) = preSolution
		Debug|Any CPU = Debug|Any CPU
		Release|Any CPU = Release|Any CPU
	EndGlobalSection
	GlobalSection(ProjectConfigurationPlatforms) = postSolution
		{A0A5ADCE-BA81-4117-A95C-8461475CC57B}.Debug|Any CPU.ActiveCfg = Debug|Any CPU
		{A0A5ADCE-BA81-4117-A95C-8461475CC57B}.Debug|Any CPU.Build.0 = Debug|Any CPU
		{A0A5ADCE-BA81-4117-A95C-8461475CC57B}.Release|Any CPU.ActiveCfg = Release|Any CPU
		{A0A5ADCE-BA81-4117-A95C-8461475CC57B}.Release|Any CPU.Build.0 = Release|Any CPU
		{D5C314BE-C7E0-4E89-B178-2D6CA45EFBF0}.Debug|Any CPU.ActiveCfg = Debug|Any CPU
		{D5C314BE-C7E0-4E89-B178-2D6CA45EFBF0}.Debug|Any CPU.Build.0 = Debug|Any CPU
		{D5C314BE-C7E0-4E89-B178-2D6CA45EFBF0}.Release|Any CPU.ActiveCfg = Release|Any CPU
		{D5C314BE-C7E0-4E89-B178-2D6CA45EFBF0}.Release|Any CPU.Build.0 = Release|Any CPU
		{C667F394-E219-4825-BD94-192BFAAE9BB2}.Debug|Any CPU.ActiveCfg = Debug|Any CPU
		{C667F394-E219-4825-BD94-192BFAAE9BB2}.Debug|Any CPU.Build.0 = Debug|Any CPU
		{C667F394-E219-4825-BD94-192BFAAE9BB2}.Release|Any CPU.ActiveCfg = Release|Any CPU
		{C667F394-E219-4825-BD94-192BFAAE9BB2}.Release|Any CPU.Build.0 = Release|Any CPU
	EndGlobalSection
	GlobalSection(SolutionProperties) = preSolution
		HideSolutionNode = FALSE
	EndGlobalSection
	GlobalSection(ExtensibilityGlobals) = postSolution
		SolutionGuid = {E483FBF9-A43B-488F-A5BC-9DC81600ACD4}
	EndGlobalSection
EndGlobal
